{
  "nodes": {
    "flake-parts": {
      "inputs": {
        "nixpkgs-lib": "nixpkgs-lib"
      },
      "locked": {
        "lastModified": 1772408722,
        "narHash": "sha256-rHuJtdcOjK7rAHpHphUb1iCvgkU3GpfvicLMwwnfMT0=",
        "owner": "hercules-ci",
        "repo": "flake-parts",
        "rev": "f20dc5d9b8027381c474144ecabc9034d6a839a3",
        "type": "github"
      },
      "original": {
        "owner": "hercules-ci",
        "repo": "flake-parts",
        "type": "github"
      }
    },
    "foolnotion": {
      "inputs": {
        "nixpkgs": [
          "nixpkgs"
        ]
      },
      "locked": {
        "lastModified": 1772011221,
        "narHash": "sha256-dnwURHYlg83pqUNtLEsaOwZ2vVVK25afWSB87bMh+WQ=",
        "owner": "foolnotion",
        "repo": "nur-pkg",
        "rev": "56996155e9d97aff4cf4515de1ab7d4df21bdd74",
        "type": "github"
      },
      "original": {
        "owner": "foolnotion",
        "repo": "nur-pkg",
        "type": "github"
      }
    },
    "nixpkgs": {
      "locked": {
        "lastModified": 1773256477,
        "narHash": "sha256-kYaW9agTonX5KMpooFgD5t9a2NVfnanEWcw8IuuT5oU=",
        "owner": "nixos",
        "repo": "nixpkgs",
        "rev": "1597d449f5b5e34eccb1b9d70e3c7a35ac7cbe7b",
        "type": "github"
      },
      "original": {
        "owner": "nixos",
        "ref": "master",
        "repo": "nixpkgs",
        "type": "github"
      }
    },
    "nixpkgs-lib": {
      "locked": {
        "lastModified": 1772328832,
        "narHash": "sha256-e+/T/pmEkLP6BHhYjx6GmwP5ivonQQn0bJdH9YrRB+Q=",
        "owner": "nix-community",
        "repo": "nixpkgs.lib",
        "rev": "c185c7a5e5dd8f9add5b2f8ebeff00888b070742",
        "type": "github"
      },
      "original": {
        "owner": "nix-community",
        "repo": "nixpkgs.lib",
        "type": "github"
      }
    },
    "root": {
      "inputs": {
        "flake-parts": "flake-parts",
        "foolnotion": "foolnotion",
        "nixpkgs": "nixpkgs"
      }
    }
  },
  "root": "root",
  "version": 7
}
